
Microsoft Visual Studio Solution File, Format Version 12.00
# Visual Studio Version 17
VisualStudioVersion = 17.10.35201.131
MinimumVisualStudioVersion = 10.0.40219.1
Project("{FAE04EC0-301F-11D3-BF4B-00C04F79EFBC}") = "Server Licenta", "Server Licenta.csproj", "{C72E94B3-3C3D-461B-9240-5B226A8689D0}"
EndProject
Global
	GlobalSection(SolutionConfigurationPlatforms) = preSolution
		Debug|Any CPU = Debug|Any CPU
		Release|Any CPU = Release|Any CPU
	EndGlobalSection
	GlobalSection(ProjectConfigurationPlatforms) = postSolution
		{C72E94B3-3C3D-461B-9240-5B226A8689D0}.Debug|Any CPU.ActiveCfg = Debug|Any CPU
		{C72E94B3-3C3D-461B-9240-5B226A8689D0}.Debug|Any CPU.Build.0 = Debug|Any CPU
		{C72E94B3-3C3D-461B-9240-5B226A8689D0}.Release|Any CPU.ActiveCfg = Release|Any CPU
		{C72E94B3-3C3D-461B-9240-5B226A8689D0}.Release|Any CPU.Build.0 = Release|Any CPU
	EndGlobalSection
	GlobalSection(SolutionProperties) = preSolution
		HideSolutionNode = FALSE
	EndGlobalSection
	GlobalSection(ExtensibilityGlobals) = postSolution
		SolutionGuid = {DF3328D2-71C6-4926-86B2-2FFFDE8B6BAA}
	EndGlobalSection
EndGlobal
